
Microsoft Visual Studio Solution File, Format Version 12.00
# Visual Studio Version 17
VisualStudioVersion = 17.6.33829.357
MinimumVisualStudioVersion = 10.0.40219.1
Project("{FAE04EC0-301F-11D3-BF4B-00C04F79EFBC}") = "holaMundoEjemploProyecto", "holaMundoEjemploProyecto\holaMundoEjemploProyecto.csproj", "{BAC690AE-6759-4D29-986D-ECE288F1E4B0}"
EndProject
Global
	GlobalSection(SolutionConfigurationPlatforms) = preSolution
		Debug|Any CPU = Debug|Any CPU
		Release|Any CPU = Release|Any CPU
	EndGlobalSection
	GlobalSection(ProjectConfigurationPlatforms) = postSolution
		{BAC690AE-6759-4D29-986D-ECE288F1E4B0}.Debug|Any CPU.ActiveCfg = Debug|Any CPU
		{BAC690AE-6759-4D29-986D-ECE288F1E4B0}.Debug|Any CPU.Build.0 = Debug|Any CPU
		{BAC690AE-6759-4D29-986D-ECE288F1E4B0}.Release|Any CPU.ActiveCfg = Release|Any CPU
		{BAC690AE-6759-4D29-986D-ECE288F1E4B0}.Release|Any CPU.Build.0 = Release|Any CPU
	EndGlobalSection
	GlobalSection(SolutionProperties) = preSolution
		HideSolutionNode = FALSE
	EndGlobalSection
	GlobalSection(ExtensibilityGlobals) = postSolution
		SolutionGuid = {7C0B20BE-73BB-43DB-A46C-1B1F12DAB897}
	EndGlobalSection
EndGlobal
