
Microsoft Visual Studio Solution File, Format Version 12.00
# Visual Studio Version 17
VisualStudioVersion = 17.6.33829.357
MinimumVisualStudioVersion = 10.0.40219.1
Project("{FAE04EC0-301F-11D3-BF4B-00C04F79EFBC}") = "EjemploNorthwind", "EjemploNorthwind\EjemploNorthwind.csproj", "{38C92793-D32E-406A-A761-0557D205D2B6}"
EndProject
Global
	GlobalSection(SolutionConfigurationPlatforms) = preSolution
		Debug|Any CPU = Debug|Any CPU
		Release|Any CPU = Release|Any CPU
	EndGlobalSection
	GlobalSection(ProjectConfigurationPlatforms) = postSolution
		{38C92793-D32E-406A-A761-0557D205D2B6}.Debug|Any CPU.ActiveCfg = Debug|Any CPU
		{38C92793-D32E-406A-A761-0557D205D2B6}.Debug|Any CPU.Build.0 = Debug|Any CPU
		{38C92793-D32E-406A-A761-0557D205D2B6}.Release|Any CPU.ActiveCfg = Release|Any CPU
		{38C92793-D32E-406A-A761-0557D205D2B6}.Release|Any CPU.Build.0 = Release|Any CPU
	EndGlobalSection
	GlobalSection(SolutionProperties) = preSolution
		HideSolutionNode = FALSE
	EndGlobalSection
	GlobalSection(ExtensibilityGlobals) = postSolution
		SolutionGuid = {7C4FD00D-7612-45AB-A8F5-7F4BCCC09F6D}
	EndGlobalSection
EndGlobal
