
Microsoft Visual Studio Solution File, Format Version 12.00
# Visual Studio Version 17
VisualStudioVersion = 17.6.33829.357
MinimumVisualStudioVersion = 10.0.40219.1
Project("{9A19103F-16F7-4668-BE54-9A1E7A4F7556}") = "ProyectoWebVacio", "ProyectoWebVacio\ProyectoWebVacio.csproj", "{6288F4D0-AA2D-4138-9BCA-192DFA9E0BD7}"
EndProject
Project("{9A19103F-16F7-4668-BE54-9A1E7A4F7556}") = "EjemploWebAspNetCore", "EjemploWebAspNetCore\EjemploWebAspNetCore.csproj", "{242B7D8D-5C9F-47A2-9AD6-C6EB64155233}"
EndProject
Project("{9A19103F-16F7-4668-BE54-9A1E7A4F7556}") = "EjemploWebBlazor", "EjemploWebBlazor\EjemploWebBlazor.csproj", "{2A312C9E-D78C-4664-BC21-CEB332B36424}"
EndProject
Project("{9A19103F-16F7-4668-BE54-9A1E7A4F7556}") = "EjemploAPI", "EjemploAPI\EjemploAPI.csproj", "{D6F8F92A-DAA8-4E2F-9DA1-01FD77474D99}"
EndProject
Project("{9A19103F-16F7-4668-BE54-9A1E7A4F7556}") = "EjemploAngular", "EjemploAngular\EjemploAngular.csproj", "{A83D5C4A-EBF4-4840-B07D-E6B5D7F7E534}"
EndProject
Project("{9A19103F-16F7-4668-BE54-9A1E7A4F7556}") = "EjemploAspMVC", "EjemploAspMVC\EjemploAspMVC.csproj", "{652ABFFD-595F-4759-A72A-E245554B45B2}"
EndProject
Project("{FAE04EC0-301F-11D3-BF4B-00C04F79EFBC}") = "EjemploConversorMVC", "EjemploConversorMVC\EjemploConversorMVC.csproj", "{7A590821-13ED-4D18-9193-C3E044AC6E45}"
EndProject
Global
	GlobalSection(SolutionConfigurationPlatforms) = preSolution
		Debug|Any CPU = Debug|Any CPU
		Release|Any CPU = Release|Any CPU
	EndGlobalSection
	GlobalSection(ProjectConfigurationPlatforms) = postSolution
		{6288F4D0-AA2D-4138-9BCA-192DFA9E0BD7}.Debug|Any CPU.ActiveCfg = Debug|Any CPU
		{6288F4D0-AA2D-4138-9BCA-192DFA9E0BD7}.Debug|Any CPU.Build.0 = Debug|Any CPU
		{6288F4D0-AA2D-4138-9BCA-192DFA9E0BD7}.Release|Any CPU.ActiveCfg = Release|Any CPU
		{6288F4D0-AA2D-4138-9BCA-192DFA9E0BD7}.Release|Any CPU.Build.0 = Release|Any CPU
		{242B7D8D-5C9F-47A2-9AD6-C6EB64155233}.Debug|Any CPU.ActiveCfg = Debug|Any CPU
		{242B7D8D-5C9F-47A2-9AD6-C6EB64155233}.Debug|Any CPU.Build.0 = Debug|Any CPU
		{242B7D8D-5C9F-47A2-9AD6-C6EB64155233}.Release|Any CPU.ActiveCfg = Release|Any CPU
		{242B7D8D-5C9F-47A2-9AD6-C6EB64155233}.Release|Any CPU.Build.0 = Release|Any CPU
		{2A312C9E-D78C-4664-BC21-CEB332B36424}.Debug|Any CPU.ActiveCfg = Debug|Any CPU
		{2A312C9E-D78C-4664-BC21-CEB332B36424}.Debug|Any CPU.Build.0 = Debug|Any CPU
		{2A312C9E-D78C-4664-BC21-CEB332B36424}.Release|Any CPU.ActiveCfg = Release|Any CPU
		{2A312C9E-D78C-4664-BC21-CEB332B36424}.Release|Any CPU.Build.0 = Release|Any CPU
		{D6F8F92A-DAA8-4E2F-9DA1-01FD77474D99}.Debug|Any CPU.ActiveCfg = Debug|Any CPU
		{D6F8F92A-DAA8-4E2F-9DA1-01FD77474D99}.Debug|Any CPU.Build.0 = Debug|Any CPU
		{D6F8F92A-DAA8-4E2F-9DA1-01FD77474D99}.Release|Any CPU.ActiveCfg = Release|Any CPU
		{D6F8F92A-DAA8-4E2F-9DA1-01FD77474D99}.Release|Any CPU.Build.0 = Release|Any CPU
		{A83D5C4A-EBF4-4840-B07D-E6B5D7F7E534}.Debug|Any CPU.ActiveCfg = Debug|Any CPU
		{A83D5C4A-EBF4-4840-B07D-E6B5D7F7E534}.Debug|Any CPU.Build.0 = Debug|Any CPU
		{A83D5C4A-EBF4-4840-B07D-E6B5D7F7E534}.Release|Any CPU.ActiveCfg = Release|Any CPU
		{A83D5C4A-EBF4-4840-B07D-E6B5D7F7E534}.Release|Any CPU.Build.0 = Release|Any CPU
		{652ABFFD-595F-4759-A72A-E245554B45B2}.Debug|Any CPU.ActiveCfg = Debug|Any CPU
		{652ABFFD-595F-4759-A72A-E245554B45B2}.Debug|Any CPU.Build.0 = Debug|Any CPU
		{652ABFFD-595F-4759-A72A-E245554B45B2}.Release|Any CPU.ActiveCfg = Release|Any CPU
		{652ABFFD-595F-4759-A72A-E245554B45B2}.Release|Any CPU.Build.0 = Release|Any CPU
		{7A590821-13ED-4D18-9193-C3E044AC6E45}.Debug|Any CPU.ActiveCfg = Debug|Any CPU
		{7A590821-13ED-4D18-9193-C3E044AC6E45}.Debug|Any CPU.Build.0 = Debug|Any CPU
		{7A590821-13ED-4D18-9193-C3E044AC6E45}.Release|Any CPU.ActiveCfg = Release|Any CPU
		{7A590821-13ED-4D18-9193-C3E044AC6E45}.Release|Any CPU.Build.0 = Release|Any CPU
	EndGlobalSection
	GlobalSection(SolutionProperties) = preSolution
		HideSolutionNode = FALSE
	EndGlobalSection
	GlobalSection(ExtensibilityGlobals) = postSolution
		SolutionGuid = {A69C0C55-A44C-48EA-9283-34246C459338}
	EndGlobalSection
EndGlobal
